
Microsoft Visual Studio Solution File, Format Version 12.00
# Visual Studio Version 16
VisualStudioVersion = 16.0.31105.61
MinimumVisualStudioVersion = 10.0.40219.1
Project("{FAE04EC0-301F-11D3-BF4B-00C04F79EFBC}") = "Depremler", "Depremler.csproj", "{0A00EE96-9C92-4D4D-9F7A-1B0774A8BC95}"
EndProject
Global
	GlobalSection(SolutionConfigurationPlatforms) = preSolution
		Debug|Any CPU = Debug|Any CPU
		Release|Any CPU = Release|Any CPU
	EndGlobalSection
	GlobalSection(ProjectConfigurationPlatforms) = postSolution
		{0A00EE96-9C92-4D4D-9F7A-1B0774A8BC95}.Debug|Any CPU.ActiveCfg = Debug|Any CPU
		{0A00EE96-9C92-4D4D-9F7A-1B0774A8BC95}.Debug|Any CPU.Build.0 = Debug|Any CPU
		{0A00EE96-9C92-4D4D-9F7A-1B0774A8BC95}.Release|Any CPU.ActiveCfg = Release|Any CPU
		{0A00EE96-9C92-4D4D-9F7A-1B0774A8BC95}.Release|Any CPU.Build.0 = Release|Any CPU
	EndGlobalSection
	GlobalSection(SolutionProperties) = preSolution
		HideSolutionNode = FALSE
	EndGlobalSection
	GlobalSection(ExtensibilityGlobals) = postSolution
		SolutionGuid = {C2D26A0E-3D8E-4E82-A7CE-E4EECC4629A1}
	EndGlobalSection
EndGlobal
